
Microsoft Visual Studio Solution File, Format Version 12.00
# Visual Studio 2013
VisualStudioVersion = 12.0.40629.0
MinimumVisualStudioVersion = 10.0.40219.1
Project("{8BC9CEB8-8B4A-11D0-8D11-00A0C91BC942}") = "Work1", "Work1\Work1.vcxproj", "{FCA37C47-6F1F-4265-BA12-6A3A082E12C1}"
EndProject
Project("{8BC9CEB8-8B4A-11D0-8D11-00A0C91BC942}") = "Work2", "Work2\Work2.vcxproj", "{138AAE93-6D26-4C9E-9E09-D00C1AA49A04}"
EndProject
Project("{8BC9CEB8-8B4A-11D0-8D11-00A0C91BC942}") = "Mywork2", "Mywork2\Mywork2.vcxproj", "{F6C26DC2-A584-4C4E-A46F-52B42FCF6D7E}"
EndProject
Project("{8BC9CEB8-8B4A-11D0-8D11-00A0C91BC942}") = "Mywork2_2", "Mywork2_2\Mywork2_2.vcxproj", "{FEFFA16F-17FC-4364-89C1-701E7FE3E323}"
EndProject
Project("{8BC9CEB8-8B4A-11D0-8D11-00A0C91BC942}") = "Work3", "Work3\Work3.vcxproj", "{FEE51984-215B-42C6-874F-1E759540462E}"
EndProject
Project("{8BC9CEB8-8B4A-11D0-8D11-00A0C91BC942}") = "Work3_2", "Work3_2\Work3_2.vcxproj", "{A0A805D7-695D-4C7A-BD8C-E5AEF80FEB0F}"
EndProject
Project("{8BC9CEB8-8B4A-11D0-8D11-00A0C91BC942}") = "Work3_3", "Work3_3\Work3_3.vcxproj", "{07ECB575-AA65-401C-B073-2B932E0F5B8B}"
EndProject
Project("{8BC9CEB8-8B4A-11D0-8D11-00A0C91BC942}") = "Work4_1", "Work4_1\Work4_1.vcxproj", "{81DE7904-9D6B-4AF9-B0EE-B8BA0F2F118F}"
EndProject
Project("{8BC9CEB8-8B4A-11D0-8D11-00A0C91BC942}") = "Work4_2", "Work4_2\Work4_2.vcxproj", "{5E70F22E-36F2-4A30-9AE3-3C5AA7F5F607}"
EndProject
Project("{8BC9CEB8-8B4A-11D0-8D11-00A0C91BC942}") = "Correct_Ipnut", "Crrect_Ipnut\Crrect_Ipnut.vcxproj", "{753BE9B8-BEDD-4165-ACAC-4C2FCC5FB725}"
EndProject
Project("{8BC9CEB8-8B4A-11D0-8D11-00A0C91BC942}") = "Iostream_", "Iostream_\Iostream_.vcxproj", "{57C92788-F360-4445-908A-4B011443B52D}"
EndProject
Project("{8BC9CEB8-8B4A-11D0-8D11-00A0C91BC942}") = "EerlyInicialization", "EerlyInicialization\EerlyInicialization.vcxproj", "{B4E4DC14-014F-4F6E-8B14-C53F718E2967}"
EndProject
Project("{8BC9CEB8-8B4A-11D0-8D11-00A0C91BC942}") = "Work_5.1", "Work_5.1\Work_5.1.vcxproj", "{51B6FB80-EF88-4306-A7C2-BA139BD62BFC}"
EndProject
Project("{8BC9CEB8-8B4A-11D0-8D11-00A0C91BC942}") = "Work_5.2", "Work_5.2\Work_5.2.vcxproj", "{545DEA42-E927-4CAE-8367-A377CECC37F0}"
EndProject
Project("{8BC9CEB8-8B4A-11D0-8D11-00A0C91BC942}") = "Work_5.3", "Work_5.3\Work_5.3.vcxproj", "{F7675BE4-3195-4619-BD26-3451DBC6E7AB}"
EndProject
Project("{8BC9CEB8-8B4A-11D0-8D11-00A0C91BC942}") = "Work_5.4(Singleton)", "Work_5.4(Singleton)\Work_5.4(Singleton).vcxproj", "{7170C6F9-38B8-40F8-A343-9BCEE5CD851B}"
EndProject
Project("{8BC9CEB8-8B4A-11D0-8D11-00A0C91BC942}") = "Work_6.1", "Work_6.1\Work_6.1.vcxproj", "{E02BA066-4DD8-408A-860B-4B1AD3A147C5}"
EndProject
Project("{8BC9CEB8-8B4A-11D0-8D11-00A0C91BC942}") = "Explicit_test__work6", "Explicit_test__work6\Explicit_test__work6.vcxproj", "{7B62771E-0A48-4F5F-9D2B-9E89546BEE1C}"
EndProject
Project("{8BC9CEB8-8B4A-11D0-8D11-00A0C91BC942}") = "Work_6.2", "Work_6.2\Work_6.2.vcxproj", "{D55CFCF6-3D3E-4988-A996-B8C39F5CE603}"
EndProject
Project("{8BC9CEB8-8B4A-11D0-8D11-00A0C91BC942}") = "Work_7.1", "Work_7.1\Work_7.1.vcxproj", "{B27C3AB5-EC70-4DF4-AFD5-BBA83505A196}"
EndProject
Project("{8BC9CEB8-8B4A-11D0-8D11-00A0C91BC942}") = "Work_7.2", "Work_7.2\Work_7.2.vcxproj", "{058A66F1-31A4-42F1-8403-83F9EFC800A8}"
EndProject
Project("{8BC9CEB8-8B4A-11D0-8D11-00A0C91BC942}") = "Work_7.3", "Work_7.3\Work_7.3.vcxproj", "{C088D4E7-4EF5-43FB-8D1D-46FC6B44ED7A}"
EndProject
Project("{8BC9CEB8-8B4A-11D0-8D11-00A0C91BC942}") = "Work_7.4", "Work_7.4\Work_7.4.vcxproj", "{33EF7033-B3FE-498A-9F4D-512085938E65}"
EndProject
Project("{8BC9CEB8-8B4A-11D0-8D11-00A0C91BC942}") = "Work_7.5Priority", "Work_7.5Priority\Work_7.5Priority.vcxproj", "{C393A5DB-B2F8-4F72-9606-8F2F6D3DF0B0}"
EndProject
Project("{8BC9CEB8-8B4A-11D0-8D11-00A0C91BC942}") = "Work_8.1", "Work_8.1\Work_8.1.vcxproj", "{23E76056-76BD-484D-BC3D-363BF5ACFFAB}"
EndProject
Global
	GlobalSection(SolutionConfigurationPlatforms) = preSolution
		Debug|Win32 = Debug|Win32
		Release|Win32 = Release|Win32
	EndGlobalSection
	GlobalSection(ProjectConfigurationPlatforms) = postSolution
		{FCA37C47-6F1F-4265-BA12-6A3A082E12C1}.Debug|Win32.ActiveCfg = Debug|Win32
		{FCA37C47-6F1F-4265-BA12-6A3A082E12C1}.Debug|Win32.Build.0 = Debug|Win32
		{FCA37C47-6F1F-4265-BA12-6A3A082E12C1}.Release|Win32.ActiveCfg = Release|Win32
		{FCA37C47-6F1F-4265-BA12-6A3A082E12C1}.Release|Win32.Build.0 = Release|Win32
		{138AAE93-6D26-4C9E-9E09-D00C1AA49A04}.Debug|Win32.ActiveCfg = Debug|Win32
		{138AAE93-6D26-4C9E-9E09-D00C1AA49A04}.Debug|Win32.Build.0 = Debug|Win32
		{138AAE93-6D26-4C9E-9E09-D00C1AA49A04}.Release|Win32.ActiveCfg = Release|Win32
		{138AAE93-6D26-4C9E-9E09-D00C1AA49A04}.Release|Win32.Build.0 = Release|Win32
		{F6C26DC2-A584-4C4E-A46F-52B42FCF6D7E}.Debug|Win32.ActiveCfg = Debug|Win32
		{F6C26DC2-A584-4C4E-A46F-52B42FCF6D7E}.Debug|Win32.Build.0 = Debug|Win32
		{F6C26DC2-A584-4C4E-A46F-52B42FCF6D7E}.Release|Win32.ActiveCfg = Release|Win32
		{F6C26DC2-A584-4C4E-A46F-52B42FCF6D7E}.Release|Win32.Build.0 = Release|Win32
		{FEFFA16F-17FC-4364-89C1-701E7FE3E323}.Debug|Win32.ActiveCfg = Debug|Win32
		{FEFFA16F-17FC-4364-89C1-701E7FE3E323}.Debug|Win32.Build.0 = Debug|Win32
		{FEFFA16F-17FC-4364-89C1-701E7FE3E323}.Release|Win32.ActiveCfg = Release|Win32
		{FEFFA16F-17FC-4364-89C1-701E7FE3E323}.Release|Win32.Build.0 = Release|Win32
		{FEE51984-215B-42C6-874F-1E759540462E}.Debug|Win32.ActiveCfg = Debug|Win32
		{FEE51984-215B-42C6-874F-1E759540462E}.Debug|Win32.Build.0 = Debug|Win32
		{FEE51984-215B-42C6-874F-1E759540462E}.Release|Win32.ActiveCfg = Release|Win32
		{FEE51984-215B-42C6-874F-1E759540462E}.Release|Win32.Build.0 = Release|Win32
		{A0A805D7-695D-4C7A-BD8C-E5AEF80FEB0F}.Debug|Win32.ActiveCfg = Debug|Win32
		{A0A805D7-695D-4C7A-BD8C-E5AEF80FEB0F}.Debug|Win32.Build.0 = Debug|Win32
		{A0A805D7-695D-4C7A-BD8C-E5AEF80FEB0F}.Release|Win32.ActiveCfg = Release|Win32
		{A0A805D7-695D-4C7A-BD8C-E5AEF80FEB0F}.Release|Win32.Build.0 = Release|Win32
		{07ECB575-AA65-401C-B073-2B932E0F5B8B}.Debug|Win32.ActiveCfg = Debug|Win32
		{07ECB575-AA65-401C-B073-2B932E0F5B8B}.Debug|Win32.Build.0 = Debug|Win32
		{07ECB575-AA65-401C-B073-2B932E0F5B8B}.Release|Win32.ActiveCfg = Release|Win32
		{07ECB575-AA65-401C-B073-2B932E0F5B8B}.Release|Win32.Build.0 = Release|Win32
		{81DE7904-9D6B-4AF9-B0EE-B8BA0F2F118F}.Debug|Win32.ActiveCfg = Debug|Win32
		{81DE7904-9D6B-4AF9-B0EE-B8BA0F2F118F}.Debug|Win32.Build.0 = Debug|Win32
		{81DE7904-9D6B-4AF9-B0EE-B8BA0F2F118F}.Release|Win32.ActiveCfg = Release|Win32
		{81DE7904-9D6B-4AF9-B0EE-B8BA0F2F118F}.Release|Win32.Build.0 = Release|Win32
		{5E70F22E-36F2-4A30-9AE3-3C5AA7F5F607}.Debug|Win32.ActiveCfg = Debug|Win32
		{5E70F22E-36F2-4A30-9AE3-3C5AA7F5F607}.Debug|Win32.Build.0 = Debug|Win32
		{5E70F22E-36F2-4A30-9AE3-3C5AA7F5F607}.Release|Win32.ActiveCfg = Release|Win32
		{5E70F22E-36F2-4A30-9AE3-3C5AA7F5F607}.Release|Win32.Build.0 = Release|Win32
		{753BE9B8-BEDD-4165-ACAC-4C2FCC5FB725}.Debug|Win32.ActiveCfg = Debug|Win32
		{753BE9B8-BEDD-4165-ACAC-4C2FCC5FB725}.Debug|Win32.Build.0 = Debug|Win32
		{753BE9B8-BEDD-4165-ACAC-4C2FCC5FB725}.Release|Win32.ActiveCfg = Release|Win32
		{753BE9B8-BEDD-4165-ACAC-4C2FCC5FB725}.Release|Win32.Build.0 = Release|Win32
		{57C92788-F360-4445-908A-4B011443B52D}.Debug|Win32.ActiveCfg = Debug|Win32
		{57C92788-F360-4445-908A-4B011443B52D}.Debug|Win32.Build.0 = Debug|Win32
		{57C92788-F360-4445-908A-4B011443B52D}.Release|Win32.ActiveCfg = Release|Win32
		{57C92788-F360-4445-908A-4B011443B52D}.Release|Win32.Build.0 = Release|Win32
		{B4E4DC14-014F-4F6E-8B14-C53F718E2967}.Debug|Win32.ActiveCfg = Debug|Win32
		{B4E4DC14-014F-4F6E-8B14-C53F718E2967}.Debug|Win32.Build.0 = Debug|Win32
		{B4E4DC14-014F-4F6E-8B14-C53F718E2967}.Release|Win32.ActiveCfg = Release|Win32
		{B4E4DC14-014F-4F6E-8B14-C53F718E2967}.Release|Win32.Build.0 = Release|Win32
		{51B6FB80-EF88-4306-A7C2-BA139BD62BFC}.Debug|Win32.ActiveCfg = Debug|Win32
		{51B6FB80-EF88-4306-A7C2-BA139BD62BFC}.Debug|Win32.Build.0 = Debug|Win32
		{51B6FB80-EF88-4306-A7C2-BA139BD62BFC}.Release|Win32.ActiveCfg = Release|Win32
		{51B6FB80-EF88-4306-A7C2-BA139BD62BFC}.Release|Win32.Build.0 = Release|Win32
		{545DEA42-E927-4CAE-8367-A377CECC37F0}.Debug|Win32.ActiveCfg = Debug|Win32
		{545DEA42-E927-4CAE-8367-A377CECC37F0}.Debug|Win32.Build.0 = Debug|Win32
		{545DEA42-E927-4CAE-8367-A377CECC37F0}.Release|Win32.ActiveCfg = Release|Win32
		{545DEA42-E927-4CAE-8367-A377CECC37F0}.Release|Win32.Build.0 = Release|Win32
		{F7675BE4-3195-4619-BD26-3451DBC6E7AB}.Debug|Win32.ActiveCfg = Debug|Win32
		{F7675BE4-3195-4619-BD26-3451DBC6E7AB}.Debug|Win32.Build.0 = Debug|Win32
		{F7675BE4-3195-4619-BD26-3451DBC6E7AB}.Release|Win32.ActiveCfg = Release|Win32
		{F7675BE4-3195-4619-BD26-3451DBC6E7AB}.Release|Win32.Build.0 = Release|Win32
		{7170C6F9-38B8-40F8-A343-9BCEE5CD851B}.Debug|Win32.ActiveCfg = Debug|Win32
		{7170C6F9-38B8-40F8-A343-9BCEE5CD851B}.Debug|Win32.Build.0 = Debug|Win32
		{7170C6F9-38B8-40F8-A343-9BCEE5CD851B}.Release|Win32.ActiveCfg = Release|Win32
		{7170C6F9-38B8-40F8-A343-9BCEE5CD851B}.Release|Win32.Build.0 = Release|Win32
		{E02BA066-4DD8-408A-860B-4B1AD3A147C5}.Debug|Win32.ActiveCfg = Debug|Win32
		{E02BA066-4DD8-408A-860B-4B1AD3A147C5}.Debug|Win32.Build.0 = Debug|Win32
		{E02BA066-4DD8-408A-860B-4B1AD3A147C5}.Release|Win32.ActiveCfg = Release|Win32
		{E02BA066-4DD8-408A-860B-4B1AD3A147C5}.Release|Win32.Build.0 = Release|Win32
		{7B62771E-0A48-4F5F-9D2B-9E89546BEE1C}.Debug|Win32.ActiveCfg = Debug|Win32
		{7B62771E-0A48-4F5F-9D2B-9E89546BEE1C}.Debug|Win32.Build.0 = Debug|Win32
		{7B62771E-0A48-4F5F-9D2B-9E89546BEE1C}.Release|Win32.ActiveCfg = Release|Win32
		{7B62771E-0A48-4F5F-9D2B-9E89546BEE1C}.Release|Win32.Build.0 = Release|Win32
		{D55CFCF6-3D3E-4988-A996-B8C39F5CE603}.Debug|Win32.ActiveCfg = Debug|Win32
		{D55CFCF6-3D3E-4988-A996-B8C39F5CE603}.Debug|Win32.Build.0 = Debug|Win32
		{D55CFCF6-3D3E-4988-A996-B8C39F5CE603}.Release|Win32.ActiveCfg = Release|Win32
		{D55CFCF6-3D3E-4988-A996-B8C39F5CE603}.Release|Win32.Build.0 = Release|Win32
		{B27C3AB5-EC70-4DF4-AFD5-BBA83505A196}.Debug|Win32.ActiveCfg = Debug|Win32
		{B27C3AB5-EC70-4DF4-AFD5-BBA83505A196}.Debug|Win32.Build.0 = Debug|Win32
		{B27C3AB5-EC70-4DF4-AFD5-BBA83505A196}.Release|Win32.ActiveCfg = Release|Win32
		{B27C3AB5-EC70-4DF4-AFD5-BBA83505A196}.Release|Win32.Build.0 = Release|Win32
		{058A66F1-31A4-42F1-8403-83F9EFC800A8}.Debug|Win32.ActiveCfg = Debug|Win32
		{058A66F1-31A4-42F1-8403-83F9EFC800A8}.Debug|Win32.Build.0 = Debug|Win32
		{058A66F1-31A4-42F1-8403-83F9EFC800A8}.Release|Win32.ActiveCfg = Release|Win32
		{058A66F1-31A4-42F1-8403-83F9EFC800A8}.Release|Win32.Build.0 = Release|Win32
		{C088D4E7-4EF5-43FB-8D1D-46FC6B44ED7A}.Debug|Win32.ActiveCfg = Debug|Win32
		{C088D4E7-4EF5-43FB-8D1D-46FC6B44ED7A}.Debug|Win32.Build.0 = Debug|Win32
		{C088D4E7-4EF5-43FB-8D1D-46FC6B44ED7A}.Release|Win32.ActiveCfg = Release|Win32
		{C088D4E7-4EF5-43FB-8D1D-46FC6B44ED7A}.Release|Win32.Build.0 = Release|Win32
		{33EF7033-B3FE-498A-9F4D-512085938E65}.Debug|Win32.ActiveCfg = Debug|Win32
		{33EF7033-B3FE-498A-9F4D-512085938E65}.Debug|Win32.Build.0 = Debug|Win32
		{33EF7033-B3FE-498A-9F4D-512085938E65}.Release|Win32.ActiveCfg = Release|Win32
		{33EF7033-B3FE-498A-9F4D-512085938E65}.Release|Win32.Build.0 = Release|Win32
		{C393A5DB-B2F8-4F72-9606-8F2F6D3DF0B0}.Debug|Win32.ActiveCfg = Debug|Win32
		{C393A5DB-B2F8-4F72-9606-8F2F6D3DF0B0}.Debug|Win32.Build.0 = Debug|Win32
		{C393A5DB-B2F8-4F72-9606-8F2F6D3DF0B0}.Release|Win32.ActiveCfg = Release|Win32
		{C393A5DB-B2F8-4F72-9606-8F2F6D3DF0B0}.Release|Win32.Build.0 = Release|Win32
		{23E76056-76BD-484D-BC3D-363BF5ACFFAB}.Debug|Win32.ActiveCfg = Debug|Win32
		{23E76056-76BD-484D-BC3D-363BF5ACFFAB}.Debug|Win32.Build.0 = Debug|Win32
		{23E76056-76BD-484D-BC3D-363BF5ACFFAB}.Release|Win32.ActiveCfg = Release|Win32
		{23E76056-76BD-484D-BC3D-363BF5ACFFAB}.Release|Win32.Build.0 = Release|Win32
	EndGlobalSection
	GlobalSection(SolutionProperties) = preSolution
		HideSolutionNode = FALSE
	EndGlobalSection
EndGlobal
